
Microsoft Visual Studio Solution File, Format Version 12.00
# Visual Studio Version 17
VisualStudioVersion = 17.13.35919.96 d17.13
MinimumVisualStudioVersion = 10.0.40219.1
Project("{FAE04EC0-301F-11D3-BF4B-00C04F79EFBC}") = "Dsw2025Ej14.Api", "Dsw2025Ej14\Dsw2025Ej14.Api.csproj", "{975AF749-7B12-4170-B836-6E2A767BDA69}"
EndProject
Global
	GlobalSection(SolutionConfigurationPlatforms) = preSolution
		Debug|Any CPU = Debug|Any CPU
		Release|Any CPU = Release|Any CPU
	EndGlobalSection
	GlobalSection(ProjectConfigurationPlatforms) = postSolution
		{975AF749-7B12-4170-B836-6E2A767BDA69}.Debug|Any CPU.ActiveCfg = Debug|Any CPU
		{975AF749-7B12-4170-B836-6E2A767BDA69}.Debug|Any CPU.Build.0 = Debug|Any CPU
		{975AF749-7B12-4170-B836-6E2A767BDA69}.Release|Any CPU.ActiveCfg = Release|Any CPU
		{975AF749-7B12-4170-B836-6E2A767BDA69}.Release|Any CPU.Build.0 = Release|Any CPU
	EndGlobalSection
	GlobalSection(SolutionProperties) = preSolution
		HideSolutionNode = FALSE
	EndGlobalSection
	GlobalSection(ExtensibilityGlobals) = postSolution
		SolutionGuid = {AD3EFD8D-2F85-49DF-82D4-F076CEDC9E00}
	EndGlobalSection
EndGlobal
